
Microsoft Visual Studio Solution File, Format Version 12.00
# Visual Studio 15
VisualStudioVersion = 15.0.28307.1062
MinimumVisualStudioVersion = 10.0.40219.1
Project("{FAE04EC0-301F-11D3-BF4B-00C04F79EFBC}") = "MyProject1", "MyProject1\MyProject1.csproj", "{D47C1E93-6DCC-4A74-BC77-6F3D76FAFAB0}"
EndProject
Global
	GlobalSection(SolutionConfigurationPlatforms) = preSolution
		Debug|Any CPU = Debug|Any CPU
		Release|Any CPU = Release|Any CPU
	EndGlobalSection
	GlobalSection(ProjectConfigurationPlatforms) = postSolution
		{D47C1E93-6DCC-4A74-BC77-6F3D76FAFAB0}.Debug|Any CPU.ActiveCfg = Debug|Any CPU
		{D47C1E93-6DCC-4A74-BC77-6F3D76FAFAB0}.Debug|Any CPU.Build.0 = Debug|Any CPU
		{D47C1E93-6DCC-4A74-BC77-6F3D76FAFAB0}.Release|Any CPU.ActiveCfg = Release|Any CPU
		{D47C1E93-6DCC-4A74-BC77-6F3D76FAFAB0}.Release|Any CPU.Build.0 = Release|Any CPU
	EndGlobalSection
	GlobalSection(SolutionProperties) = preSolution
		HideSolutionNode = FALSE
	EndGlobalSection
	GlobalSection(ExtensibilityGlobals) = postSolution
		SolutionGuid = {3499ED8C-FB50-4C21-99CF-4DFE8FE5D620}
	EndGlobalSection
EndGlobal
